
Microsoft Visual Studio Solution File, Format Version 12.00
# Visual Studio Version 17
VisualStudioVersion = 17.0.31903.59
MinimumVisualStudioVersion = 10.0.40219.1
Project("{FAE04EC0-301F-11D3-BF4B-00C04F79EFBC}") = "RightSize", "RightSize\RightSize.csproj", "{E05884CE-0536-458A-A542-E0A9FD766EBF}"
EndProject
Project("{FAE04EC0-301F-11D3-BF4B-00C04F79EFBC}") = "ChangeString", "ChangeString\ChangeString.csproj", "{7C8BCDF2-2CFB-4DEC-8DB3-0698C7F0AD4C}"
EndProject
Project("{FAE04EC0-301F-11D3-BF4B-00C04F79EFBC}") = "ArrayMul", "ArrayMul\ArrayMul.csproj", "{0AB8C990-D04C-4706-82D3-9F45B1D93EC8}"
EndProject
Project("{FAE04EC0-301F-11D3-BF4B-00C04F79EFBC}") = "HeroPerk", "HeroPerk\HeroPerk.csproj", "{6C4330B2-25C2-47E4-A2D4-D9FE1376BD32}"
EndProject
Project("{FAE04EC0-301F-11D3-BF4B-00C04F79EFBC}") = "TrapAnalyzer", "TrapAnalyzer\TrapAnalyzer.csproj", "{ACC4995F-D7D0-4A7D-A0FB-336142231064}"
EndProject
Project("{FAE04EC0-301F-11D3-BF4B-00C04F79EFBC}") = "Power2Until", "Power2Until\Power2Until.csproj", "{6961A096-7E1F-494A-B80F-EE6CFA2D8A9C}"
EndProject
Project("{FAE04EC0-301F-11D3-BF4B-00C04F79EFBC}") = "FamousQuotes", "FamousQuotes\FamousQuotes.csproj", "{01A97956-B9ED-41F9-BD4F-C628F4FEE516}"
EndProject
Project("{FAE04EC0-301F-11D3-BF4B-00C04F79EFBC}") = "RoPaSci", "RoPaSci\RoPaSci.csproj", "{E5E153F6-B28D-4839-8E48-CE0BD6847989}"
EndProject
Global
	GlobalSection(SolutionConfigurationPlatforms) = preSolution
		Debug|Any CPU = Debug|Any CPU
		Debug|x64 = Debug|x64
		Debug|x86 = Debug|x86
		Release|Any CPU = Release|Any CPU
		Release|x64 = Release|x64
		Release|x86 = Release|x86
	EndGlobalSection
	GlobalSection(ProjectConfigurationPlatforms) = postSolution
		{E05884CE-0536-458A-A542-E0A9FD766EBF}.Debug|Any CPU.ActiveCfg = Debug|Any CPU
		{E05884CE-0536-458A-A542-E0A9FD766EBF}.Debug|Any CPU.Build.0 = Debug|Any CPU
		{E05884CE-0536-458A-A542-E0A9FD766EBF}.Debug|x64.ActiveCfg = Debug|Any CPU
		{E05884CE-0536-458A-A542-E0A9FD766EBF}.Debug|x64.Build.0 = Debug|Any CPU
		{E05884CE-0536-458A-A542-E0A9FD766EBF}.Debug|x86.ActiveCfg = Debug|Any CPU
		{E05884CE-0536-458A-A542-E0A9FD766EBF}.Debug|x86.Build.0 = Debug|Any CPU
		{E05884CE-0536-458A-A542-E0A9FD766EBF}.Release|Any CPU.ActiveCfg = Release|Any CPU
		{E05884CE-0536-458A-A542-E0A9FD766EBF}.Release|Any CPU.Build.0 = Release|Any CPU
		{E05884CE-0536-458A-A542-E0A9FD766EBF}.Release|x64.ActiveCfg = Release|Any CPU
		{E05884CE-0536-458A-A542-E0A9FD766EBF}.Release|x64.Build.0 = Release|Any CPU
		{E05884CE-0536-458A-A542-E0A9FD766EBF}.Release|x86.ActiveCfg = Release|Any CPU
		{E05884CE-0536-458A-A542-E0A9FD766EBF}.Release|x86.Build.0 = Release|Any CPU
		{7C8BCDF2-2CFB-4DEC-8DB3-0698C7F0AD4C}.Debug|Any CPU.ActiveCfg = Debug|Any CPU
		{7C8BCDF2-2CFB-4DEC-8DB3-0698C7F0AD4C}.Debug|Any CPU.Build.0 = Debug|Any CPU
		{7C8BCDF2-2CFB-4DEC-8DB3-0698C7F0AD4C}.Debug|x64.ActiveCfg = Debug|Any CPU
		{7C8BCDF2-2CFB-4DEC-8DB3-0698C7F0AD4C}.Debug|x64.Build.0 = Debug|Any CPU
		{7C8BCDF2-2CFB-4DEC-8DB3-0698C7F0AD4C}.Debug|x86.ActiveCfg = Debug|Any CPU
		{7C8BCDF2-2CFB-4DEC-8DB3-0698C7F0AD4C}.Debug|x86.Build.0 = Debug|Any CPU
		{7C8BCDF2-2CFB-4DEC-8DB3-0698C7F0AD4C}.Release|Any CPU.ActiveCfg = Release|Any CPU
		{7C8BCDF2-2CFB-4DEC-8DB3-0698C7F0AD4C}.Release|Any CPU.Build.0 = Release|Any CPU
		{7C8BCDF2-2CFB-4DEC-8DB3-0698C7F0AD4C}.Release|x64.ActiveCfg = Release|Any CPU
		{7C8BCDF2-2CFB-4DEC-8DB3-0698C7F0AD4C}.Release|x64.Build.0 = Release|Any CPU
		{7C8BCDF2-2CFB-4DEC-8DB3-0698C7F0AD4C}.Release|x86.ActiveCfg = Release|Any CPU
		{7C8BCDF2-2CFB-4DEC-8DB3-0698C7F0AD4C}.Release|x86.Build.0 = Release|Any CPU
		{0AB8C990-D04C-4706-82D3-9F45B1D93EC8}.Debug|Any CPU.ActiveCfg = Debug|Any CPU
		{0AB8C990-D04C-4706-82D3-9F45B1D93EC8}.Debug|Any CPU.Build.0 = Debug|Any CPU
		{0AB8C990-D04C-4706-82D3-9F45B1D93EC8}.Debug|x64.ActiveCfg = Debug|Any CPU
		{0AB8C990-D04C-4706-82D3-9F45B1D93EC8}.Debug|x64.Build.0 = Debug|Any CPU
		{0AB8C990-D04C-4706-82D3-9F45B1D93EC8}.Debug|x86.ActiveCfg = Debug|Any CPU
		{0AB8C990-D04C-4706-82D3-9F45B1D93EC8}.Debug|x86.Build.0 = Debug|Any CPU
		{0AB8C990-D04C-4706-82D3-9F45B1D93EC8}.Release|Any CPU.ActiveCfg = Release|Any CPU
		{0AB8C990-D04C-4706-82D3-9F45B1D93EC8}.Release|Any CPU.Build.0 = Release|Any CPU
		{0AB8C990-D04C-4706-82D3-9F45B1D93EC8}.Release|x64.ActiveCfg = Release|Any CPU
		{0AB8C990-D04C-4706-82D3-9F45B1D93EC8}.Release|x64.Build.0 = Release|Any CPU
		{0AB8C990-D04C-4706-82D3-9F45B1D93EC8}.Release|x86.ActiveCfg = Release|Any CPU
		{0AB8C990-D04C-4706-82D3-9F45B1D93EC8}.Release|x86.Build.0 = Release|Any CPU
		{6C4330B2-25C2-47E4-A2D4-D9FE1376BD32}.Debug|Any CPU.ActiveCfg = Debug|Any CPU
		{6C4330B2-25C2-47E4-A2D4-D9FE1376BD32}.Debug|Any CPU.Build.0 = Debug|Any CPU
		{6C4330B2-25C2-47E4-A2D4-D9FE1376BD32}.Debug|x64.ActiveCfg = Debug|Any CPU
		{6C4330B2-25C2-47E4-A2D4-D9FE1376BD32}.Debug|x64.Build.0 = Debug|Any CPU
		{6C4330B2-25C2-47E4-A2D4-D9FE1376BD32}.Debug|x86.ActiveCfg = Debug|Any CPU
		{6C4330B2-25C2-47E4-A2D4-D9FE1376BD32}.Debug|x86.Build.0 = Debug|Any CPU
		{6C4330B2-25C2-47E4-A2D4-D9FE1376BD32}.Release|Any CPU.ActiveCfg = Release|Any CPU
		{6C4330B2-25C2-47E4-A2D4-D9FE1376BD32}.Release|Any CPU.Build.0 = Release|Any CPU
		{6C4330B2-25C2-47E4-A2D4-D9FE1376BD32}.Release|x64.ActiveCfg = Release|Any CPU
		{6C4330B2-25C2-47E4-A2D4-D9FE1376BD32}.Release|x64.Build.0 = Release|Any CPU
		{6C4330B2-25C2-47E4-A2D4-D9FE1376BD32}.Release|x86.ActiveCfg = Release|Any CPU
		{6C4330B2-25C2-47E4-A2D4-D9FE1376BD32}.Release|x86.Build.0 = Release|Any CPU
		{ACC4995F-D7D0-4A7D-A0FB-336142231064}.Debug|Any CPU.ActiveCfg = Debug|Any CPU
		{ACC4995F-D7D0-4A7D-A0FB-336142231064}.Debug|Any CPU.Build.0 = Debug|Any CPU
		{ACC4995F-D7D0-4A7D-A0FB-336142231064}.Debug|x64.ActiveCfg = Debug|Any CPU
		{ACC4995F-D7D0-4A7D-A0FB-336142231064}.Debug|x64.Build.0 = Debug|Any CPU
		{ACC4995F-D7D0-4A7D-A0FB-336142231064}.Debug|x86.ActiveCfg = Debug|Any CPU
		{ACC4995F-D7D0-4A7D-A0FB-336142231064}.Debug|x86.Build.0 = Debug|Any CPU
		{ACC4995F-D7D0-4A7D-A0FB-336142231064}.Release|Any CPU.ActiveCfg = Release|Any CPU
		{ACC4995F-D7D0-4A7D-A0FB-336142231064}.Release|Any CPU.Build.0 = Release|Any CPU
		{ACC4995F-D7D0-4A7D-A0FB-336142231064}.Release|x64.ActiveCfg = Release|Any CPU
		{ACC4995F-D7D0-4A7D-A0FB-336142231064}.Release|x64.Build.0 = Release|Any CPU
		{ACC4995F-D7D0-4A7D-A0FB-336142231064}.Release|x86.ActiveCfg = Release|Any CPU
		{ACC4995F-D7D0-4A7D-A0FB-336142231064}.Release|x86.Build.0 = Release|Any CPU
		{6961A096-7E1F-494A-B80F-EE6CFA2D8A9C}.Debug|Any CPU.ActiveCfg = Debug|Any CPU
		{6961A096-7E1F-494A-B80F-EE6CFA2D8A9C}.Debug|Any CPU.Build.0 = Debug|Any CPU
		{6961A096-7E1F-494A-B80F-EE6CFA2D8A9C}.Debug|x64.ActiveCfg = Debug|Any CPU
		{6961A096-7E1F-494A-B80F-EE6CFA2D8A9C}.Debug|x64.Build.0 = Debug|Any CPU
		{6961A096-7E1F-494A-B80F-EE6CFA2D8A9C}.Debug|x86.ActiveCfg = Debug|Any CPU
		{6961A096-7E1F-494A-B80F-EE6CFA2D8A9C}.Debug|x86.Build.0 = Debug|Any CPU
		{6961A096-7E1F-494A-B80F-EE6CFA2D8A9C}.Release|Any CPU.ActiveCfg = Release|Any CPU
		{6961A096-7E1F-494A-B80F-EE6CFA2D8A9C}.Release|Any CPU.Build.0 = Release|Any CPU
		{6961A096-7E1F-494A-B80F-EE6CFA2D8A9C}.Release|x64.ActiveCfg = Release|Any CPU
		{6961A096-7E1F-494A-B80F-EE6CFA2D8A9C}.Release|x64.Build.0 = Release|Any CPU
		{6961A096-7E1F-494A-B80F-EE6CFA2D8A9C}.Release|x86.ActiveCfg = Release|Any CPU
		{6961A096-7E1F-494A-B80F-EE6CFA2D8A9C}.Release|x86.Build.0 = Release|Any CPU
		{01A97956-B9ED-41F9-BD4F-C628F4FEE516}.Debug|Any CPU.ActiveCfg = Debug|Any CPU
		{01A97956-B9ED-41F9-BD4F-C628F4FEE516}.Debug|Any CPU.Build.0 = Debug|Any CPU
		{01A97956-B9ED-41F9-BD4F-C628F4FEE516}.Debug|x64.ActiveCfg = Debug|Any CPU
		{01A97956-B9ED-41F9-BD4F-C628F4FEE516}.Debug|x64.Build.0 = Debug|Any CPU
		{01A97956-B9ED-41F9-BD4F-C628F4FEE516}.Debug|x86.ActiveCfg = Debug|Any CPU
		{01A97956-B9ED-41F9-BD4F-C628F4FEE516}.Debug|x86.Build.0 = Debug|Any CPU
		{01A97956-B9ED-41F9-BD4F-C628F4FEE516}.Release|Any CPU.ActiveCfg = Release|Any CPU
		{01A97956-B9ED-41F9-BD4F-C628F4FEE516}.Release|Any CPU.Build.0 = Release|Any CPU
		{01A97956-B9ED-41F9-BD4F-C628F4FEE516}.Release|x64.ActiveCfg = Release|Any CPU
		{01A97956-B9ED-41F9-BD4F-C628F4FEE516}.Release|x64.Build.0 = Release|Any CPU
		{01A97956-B9ED-41F9-BD4F-C628F4FEE516}.Release|x86.ActiveCfg = Release|Any CPU
		{01A97956-B9ED-41F9-BD4F-C628F4FEE516}.Release|x86.Build.0 = Release|Any CPU
		{E5E153F6-B28D-4839-8E48-CE0BD6847989}.Debug|Any CPU.ActiveCfg = Debug|Any CPU
		{E5E153F6-B28D-4839-8E48-CE0BD6847989}.Debug|Any CPU.Build.0 = Debug|Any CPU
		{E5E153F6-B28D-4839-8E48-CE0BD6847989}.Debug|x64.ActiveCfg = Debug|Any CPU
		{E5E153F6-B28D-4839-8E48-CE0BD6847989}.Debug|x64.Build.0 = Debug|Any CPU
		{E5E153F6-B28D-4839-8E48-CE0BD6847989}.Debug|x86.ActiveCfg = Debug|Any CPU
		{E5E153F6-B28D-4839-8E48-CE0BD6847989}.Debug|x86.Build.0 = Debug|Any CPU
		{E5E153F6-B28D-4839-8E48-CE0BD6847989}.Release|Any CPU.ActiveCfg = Release|Any CPU
		{E5E153F6-B28D-4839-8E48-CE0BD6847989}.Release|Any CPU.Build.0 = Release|Any CPU
		{E5E153F6-B28D-4839-8E48-CE0BD6847989}.Release|x64.ActiveCfg = Release|Any CPU
		{E5E153F6-B28D-4839-8E48-CE0BD6847989}.Release|x64.Build.0 = Release|Any CPU
		{E5E153F6-B28D-4839-8E48-CE0BD6847989}.Release|x86.ActiveCfg = Release|Any CPU
		{E5E153F6-B28D-4839-8E48-CE0BD6847989}.Release|x86.Build.0 = Release|Any CPU
	EndGlobalSection
	GlobalSection(SolutionProperties) = preSolution
		HideSolutionNode = FALSE
	EndGlobalSection
EndGlobal
